
Microsoft Visual Studio Solution File, Format Version 12.00
# Visual Studio Version 17
VisualStudioVersion = 17.14.36203.30 d17.14
MinimumVisualStudioVersion = 10.0.40219.1
Project("{FAE04EC0-301F-11D3-BF4B-00C04F79EFBC}") = "Repository2025", "Repository2025.csproj", "{D24C7BA6-029C-408D-B2DD-2F0A8212DE00}"
EndProject
Global
	GlobalSection(SolutionConfigurationPlatforms) = preSolution
		Debug|Any CPU = Debug|Any CPU
		Release|Any CPU = Release|Any CPU
	EndGlobalSection
	GlobalSection(ProjectConfigurationPlatforms) = postSolution
		{D24C7BA6-029C-408D-B2DD-2F0A8212DE00}.Debug|Any CPU.ActiveCfg = Debug|Any CPU
		{D24C7BA6-029C-408D-B2DD-2F0A8212DE00}.Debug|Any CPU.Build.0 = Debug|Any CPU
		{D24C7BA6-029C-408D-B2DD-2F0A8212DE00}.Release|Any CPU.ActiveCfg = Release|Any CPU
		{D24C7BA6-029C-408D-B2DD-2F0A8212DE00}.Release|Any CPU.Build.0 = Release|Any CPU
	EndGlobalSection
	GlobalSection(SolutionProperties) = preSolution
		HideSolutionNode = FALSE
	EndGlobalSection
	GlobalSection(ExtensibilityGlobals) = postSolution
		SolutionGuid = {6FDFE07F-6A4F-4C97-81D9-8DE5CFC18453}
	EndGlobalSection
EndGlobal
